
Microsoft Visual Studio Solution File, Format Version 12.00
# Visual Studio Version 17
VisualStudioVersion = 17.2.32630.192
MinimumVisualStudioVersion = 10.0.40219.1
Project("{9A19103F-16F7-4668-BE54-9A1E7A4F7556}") = "PF_THEBEAVERS", "PF_THEBEAVERS.csproj", "{DCB98826-407D-45BA-82F8-81D4F753C853}"
EndProject
Project("{54435603-DBB4-11D2-8724-00A0C9A8B90C}") = "TelecableTheBeavers Setup", "Setup\TelecableTheBeavers Setup\TelecableTheBeavers Setup.vdproj", "{FCF478ED-B63D-4F1F-A130-3274A31F4233}"
EndProject
Global
	GlobalSection(SolutionConfigurationPlatforms) = preSolution
		Debug|Any CPU = Debug|Any CPU
		Release|Any CPU = Release|Any CPU
	EndGlobalSection
	GlobalSection(ProjectConfigurationPlatforms) = postSolution
		{DCB98826-407D-45BA-82F8-81D4F753C853}.Debug|Any CPU.ActiveCfg = Debug|Any CPU
		{DCB98826-407D-45BA-82F8-81D4F753C853}.Debug|Any CPU.Build.0 = Debug|Any CPU
		{DCB98826-407D-45BA-82F8-81D4F753C853}.Release|Any CPU.ActiveCfg = Release|Any CPU
		{DCB98826-407D-45BA-82F8-81D4F753C853}.Release|Any CPU.Build.0 = Release|Any CPU
		{FCF478ED-B63D-4F1F-A130-3274A31F4233}.Debug|Any CPU.ActiveCfg = Debug
		{FCF478ED-B63D-4F1F-A130-3274A31F4233}.Debug|Any CPU.Build.0 = Debug
		{FCF478ED-B63D-4F1F-A130-3274A31F4233}.Release|Any CPU.ActiveCfg = Release
	EndGlobalSection
	GlobalSection(SolutionProperties) = preSolution
		HideSolutionNode = FALSE
	EndGlobalSection
	GlobalSection(ExtensibilityGlobals) = postSolution
		SolutionGuid = {2F42023B-503B-443A-94A6-BD167210DBD3}
	EndGlobalSection
EndGlobal
