
Microsoft Visual Studio Solution File, Format Version 12.00
# Visual Studio Version 17
VisualStudioVersion = 17.2.32519.379
MinimumVisualStudioVersion = 10.0.40219.1
Project("{FAE04EC0-301F-11D3-BF4B-00C04F79EFBC}") = "WpfApp1", "WpfApp1\WpfApp1.csproj", "{12285BEE-6497-4463-BC6C-5768F2ED47B4}"
EndProject
Global
	GlobalSection(SolutionConfigurationPlatforms) = preSolution
		Debug|Any CPU = Debug|Any CPU
		Release|Any CPU = Release|Any CPU
	EndGlobalSection
	GlobalSection(ProjectConfigurationPlatforms) = postSolution
		{12285BEE-6497-4463-BC6C-5768F2ED47B4}.Debug|Any CPU.ActiveCfg = Debug|Any CPU
		{12285BEE-6497-4463-BC6C-5768F2ED47B4}.Debug|Any CPU.Build.0 = Debug|Any CPU
		{12285BEE-6497-4463-BC6C-5768F2ED47B4}.Release|Any CPU.ActiveCfg = Release|Any CPU
		{12285BEE-6497-4463-BC6C-5768F2ED47B4}.Release|Any CPU.Build.0 = Release|Any CPU
	EndGlobalSection
	GlobalSection(SolutionProperties) = preSolution
		HideSolutionNode = FALSE
	EndGlobalSection
	GlobalSection(ExtensibilityGlobals) = postSolution
		SolutionGuid = {13B35538-A397-4563-BA8F-7C7B1D605F7F}
	EndGlobalSection
EndGlobal
